
Microsoft Visual Studio Solution File, Format Version 12.00
# Visual Studio Version 16
VisualStudioVersion = 16.0.31613.86
MinimumVisualStudioVersion = 10.0.40219.1
Project("{FAE04EC0-301F-11D3-BF4B-00C04F79EFBC}") = "Assembly-CSharp", "Assembly-CSharp.csproj", "{20F7A949-44CA-E370-0CF7-0005BE95F163}"
EndProject
Project("{FAE04EC0-301F-11D3-BF4B-00C04F79EFBC}") = "Assembly-CSharp-Editor", "Assembly-CSharp-Editor.csproj", "{AB495039-C81B-1B99-DB74-4265BD977B53}"
EndProject
Project("{2150E333-8FDC-42A3-9474-1A3956D46DE8}") = "Solution Items", "Solution Items", "{D7E8ED1F-6E6A-4619-9412-A025F5507EF7}"
	ProjectSection(SolutionItems) = preProject
		..\base.editorconfig = ..\base.editorconfig
	EndProjectSection
EndProject
Global
	GlobalSection(SolutionConfigurationPlatforms) = preSolution
		Debug|Any CPU = Debug|Any CPU
		Release|Any CPU = Release|Any CPU
	EndGlobalSection
	GlobalSection(ProjectConfigurationPlatforms) = postSolution
		{20F7A949-44CA-E370-0CF7-0005BE95F163}.Debug|Any CPU.ActiveCfg = Debug|Any CPU
		{20F7A949-44CA-E370-0CF7-0005BE95F163}.Debug|Any CPU.Build.0 = Debug|Any CPU
		{20F7A949-44CA-E370-0CF7-0005BE95F163}.Release|Any CPU.ActiveCfg = Release|Any CPU
		{20F7A949-44CA-E370-0CF7-0005BE95F163}.Release|Any CPU.Build.0 = Release|Any CPU
		{AB495039-C81B-1B99-DB74-4265BD977B53}.Debug|Any CPU.ActiveCfg = Debug|Any CPU
		{AB495039-C81B-1B99-DB74-4265BD977B53}.Debug|Any CPU.Build.0 = Debug|Any CPU
		{AB495039-C81B-1B99-DB74-4265BD977B53}.Release|Any CPU.ActiveCfg = Release|Any CPU
		{AB495039-C81B-1B99-DB74-4265BD977B53}.Release|Any CPU.Build.0 = Release|Any CPU
	EndGlobalSection
	GlobalSection(SolutionProperties) = preSolution
		HideSolutionNode = FALSE
	EndGlobalSection
	GlobalSection(ExtensibilityGlobals) = postSolution
		SolutionGuid = {1F03FE0B-7345-43E5-9D6C-E5103BA408FA}
	EndGlobalSection
EndGlobal
